
Microsoft Visual Studio Solution File, Format Version 12.00
# Visual Studio Version 17
VisualStudioVersion = 17.14.37111.16 d17.14
MinimumVisualStudioVersion = 10.0.40219.1
Project("{FAE04EC0-301F-11D3-BF4B-00C04F79EFBC}") = "UrbanGadgetsMS", "UrbanGadgetsMS.csproj", "{FE2A055C-8A7C-445F-9BCC-66C103F16A63}"
EndProject
Global
	GlobalSection(SolutionConfigurationPlatforms) = preSolution
		Debug|Any CPU = Debug|Any CPU
		Release|Any CPU = Release|Any CPU
	EndGlobalSection
	GlobalSection(ProjectConfigurationPlatforms) = postSolution
		{FE2A055C-8A7C-445F-9BCC-66C103F16A63}.Debug|Any CPU.ActiveCfg = Debug|Any CPU
		{FE2A055C-8A7C-445F-9BCC-66C103F16A63}.Debug|Any CPU.Build.0 = Debug|Any CPU
		{FE2A055C-8A7C-445F-9BCC-66C103F16A63}.Release|Any CPU.ActiveCfg = Release|Any CPU
		{FE2A055C-8A7C-445F-9BCC-66C103F16A63}.Release|Any CPU.Build.0 = Release|Any CPU
	EndGlobalSection
	GlobalSection(SolutionProperties) = preSolution
		HideSolutionNode = FALSE
	EndGlobalSection
	GlobalSection(ExtensibilityGlobals) = postSolution
		SolutionGuid = {3E8B0F30-3F42-44D2-8CB1-0A646BC87A3A}
	EndGlobalSection
EndGlobal
